{
  "name": "mini-browser",
  "version": "1.0.0",
  "lockfileVersion": 1,
  "requires": true,
  "dependencies": {
    "download-yue": {
      "version": "2.0.2",
      "resolved": "https://registry.nlark.com/download-yue/download/download-yue-2.0.2.tgz",
      "integrity": "sha1-apqtx6MuOWMQTYfVehmaJSMDKgs="
    },
    "gui": {
      "version": "0.9.6",
      "resolved": "https://registry.nlark.com/gui/download/gui-0.9.6.tgz",
      "integrity": "sha1-WynucfSdvt6MBTxk0HY1USowCXw=",
      "requires": {
        "download-yue": "2.x"
      }
    }
  }
}
